
Microsoft Visual Studio Solution File, Format Version 12.00
# Visual Studio Version 17
VisualStudioVersion = 17.3.32811.315
MinimumVisualStudioVersion = 10.0.40219.1
Project("{9A19103F-16F7-4668-BE54-9A1E7A4F7556}") = "Desktop", "InscripcionISP20\Desktop.csproj", "{EE34BDE2-9F0E-4C09-9491-EC02C5EAD206}"
EndProject
Project("{9A19103F-16F7-4668-BE54-9A1E7A4F7556}") = "Data", "Data\Data.csproj", "{48AA2325-3573-491A-B81F-DE02A9CEA7BA}"
EndProject
Project("{FAE04EC0-301F-11D3-BF4B-00C04F79EFBC}") = "InscripcionWeb", "InscripcionWeb\InscripcionWeb.csproj", "{B36C0289-CB7E-4E08-9BA5-EC2C6C16E177}"
EndProject
Global
	GlobalSection(SolutionConfigurationPlatforms) = preSolution
		Debug|Any CPU = Debug|Any CPU
		Release|Any CPU = Release|Any CPU
	EndGlobalSection
	GlobalSection(ProjectConfigurationPlatforms) = postSolution
		{EE34BDE2-9F0E-4C09-9491-EC02C5EAD206}.Debug|Any CPU.ActiveCfg = Debug|Any CPU
		{EE34BDE2-9F0E-4C09-9491-EC02C5EAD206}.Debug|Any CPU.Build.0 = Debug|Any CPU
		{EE34BDE2-9F0E-4C09-9491-EC02C5EAD206}.Release|Any CPU.ActiveCfg = Release|Any CPU
		{EE34BDE2-9F0E-4C09-9491-EC02C5EAD206}.Release|Any CPU.Build.0 = Release|Any CPU
		{48AA2325-3573-491A-B81F-DE02A9CEA7BA}.Debug|Any CPU.ActiveCfg = Debug|Any CPU
		{48AA2325-3573-491A-B81F-DE02A9CEA7BA}.Debug|Any CPU.Build.0 = Debug|Any CPU
		{48AA2325-3573-491A-B81F-DE02A9CEA7BA}.Release|Any CPU.ActiveCfg = Release|Any CPU
		{48AA2325-3573-491A-B81F-DE02A9CEA7BA}.Release|Any CPU.Build.0 = Release|Any CPU
		{B36C0289-CB7E-4E08-9BA5-EC2C6C16E177}.Debug|Any CPU.ActiveCfg = Debug|Any CPU
		{B36C0289-CB7E-4E08-9BA5-EC2C6C16E177}.Debug|Any CPU.Build.0 = Debug|Any CPU
		{B36C0289-CB7E-4E08-9BA5-EC2C6C16E177}.Release|Any CPU.ActiveCfg = Release|Any CPU
		{B36C0289-CB7E-4E08-9BA5-EC2C6C16E177}.Release|Any CPU.Build.0 = Release|Any CPU
	EndGlobalSection
	GlobalSection(SolutionProperties) = preSolution
		HideSolutionNode = FALSE
	EndGlobalSection
	GlobalSection(ExtensibilityGlobals) = postSolution
		SolutionGuid = {8752267B-B4BE-4E8E-847B-AC2CCCD363E1}
	EndGlobalSection
EndGlobal
